// !$*UTF8*$!
{
	archiveVersion = 1;
	classes = {
	};
	objectVersion = 56;
	objects = {

/* Begin PBXBuildFile section */
		8413E0212C90DB8C00EB5A59 /* CustomTextField.swift in Sources */ = {isa = PBXBuildFile; fileRef = 8413E0202C90DB8C00EB5A59 /* CustomTextField.swift */; };
		8423A3A92C8E4846003FA02B /* UIViewController+Alert.swift in Sources */ = {isa = PBXBuildFile; fileRef = 8423A3A82C8E4846003FA02B /* UIViewController+Alert.swift */; };
		8423A3AB2C8E4BA4003FA02B /* UITextField+custom.swift in Sources */ = {isa = PBXBuildFile; fileRef = 8423A3AA2C8E4BA4003FA02B /* UITextField+custom.swift */; };
		843B09522C911C74002E50B5 /* UIButton+underline.swift in Sources */ = {isa = PBXBuildFile; fileRef = 843B09512C911C74002E50B5 /* UIButton+underline.swift */; };
		843B09542C913189002E50B5 /* SignInVC.swift in Sources */ = {isa = PBXBuildFile; fileRef = 843B09532C913189002E50B5 /* SignInVC.swift */; };
		843B09562C9139E2002E50B5 /* BackSignInVC.swift in Sources */ = {isa = PBXBuildFile; fileRef = 843B09552C9139E2002E50B5 /* BackSignInVC.swift */; };
		843B095B2C913B3F002E50B5 /* Inter-Regular.otf in Resources */ = {isa = PBXBuildFile; fileRef = 843B09572C913B3F002E50B5 /* Inter-Regular.otf */; };
		843B095C2C913B3F002E50B5 /* Inter-Light.otf in Resources */ = {isa = PBXBuildFile; fileRef = 843B09582C913B3F002E50B5 /* Inter-Light.otf */; };
		843B095D2C913B3F002E50B5 /* Inter-Medium.otf in Resources */ = {isa = PBXBuildFile; fileRef = 843B09592C913B3F002E50B5 /* Inter-Medium.otf */; };
		843B095E2C913B3F002E50B5 /* Inter-SemiBold.otf in Resources */ = {isa = PBXBuildFile; fileRef = 843B095A2C913B3F002E50B5 /* Inter-SemiBold.otf */; };
		843B09612C91456A002E50B5 /* ConnectionErrorVC.swift in Sources */ = {isa = PBXBuildFile; fileRef = 843B09602C91456A002E50B5 /* ConnectionErrorVC.swift */; };
		843B09632C91458D002E50B5 /* ErrorVC.swift in Sources */ = {isa = PBXBuildFile; fileRef = 843B09622C91458D002E50B5 /* ErrorVC.swift */; };
		8470890C2C7FD5D000202753 /* AppDelegate.swift in Sources */ = {isa = PBXBuildFile; fileRef = 8470890B2C7FD5D000202753 /* AppDelegate.swift */; };
		847089132C7FD5D000202753 /* Base in Resources */ = {isa = PBXBuildFile; fileRef = 847089122C7FD5D000202753 /* Base */; };
		847089152C7FD5D100202753 /* Assets.xcassets in Resources */ = {isa = PBXBuildFile; fileRef = 847089142C7FD5D100202753 /* Assets.xcassets */; };
		847089182C7FD5D100202753 /* Base in Resources */ = {isa = PBXBuildFile; fileRef = 847089172C7FD5D100202753 /* Base */; };
		847089202C7FDA9D00202753 /* SplashScreenVC.swift in Sources */ = {isa = PBXBuildFile; fileRef = 8470891F2C7FDA9D00202753 /* SplashScreenVC.swift */; };
		847089232C7FDBD900202753 /* SignUpVC.swift in Sources */ = {isa = PBXBuildFile; fileRef = 847089222C7FDBD900202753 /* SignUpVC.swift */; };
		8479CF712C9208C7000D0DFE /* CountryListVC.swift in Sources */ = {isa = PBXBuildFile; fileRef = 8479CF702C9208C7000D0DFE /* CountryListVC.swift */; };
		8479CF742C9209C3000D0DFE /* CountryTableViewCell.xib in Resources */ = {isa = PBXBuildFile; fileRef = 8479CF732C9209C3000D0DFE /* CountryTableViewCell.xib */; };
		8479CF752C9209C3000D0DFE /* CountryTableViewCell.swift in Sources */ = {isa = PBXBuildFile; fileRef = 8479CF722C9209C3000D0DFE /* CountryTableViewCell.swift */; };
		848EF4102C8B2CD100F8D977 /* Colors.swift in Sources */ = {isa = PBXBuildFile; fileRef = 848EF40F2C8B2CD100F8D977 /* Colors.swift */; };
		848EF4152C8B301200F8D977 /* UIColor+hex.swift in Sources */ = {isa = PBXBuildFile; fileRef = 848EF4142C8B301200F8D977 /* UIColor+hex.swift */; };
		84B4D94E2C8B0CF700DD70A9 /* UIViewController+GradientBg.swift in Sources */ = {isa = PBXBuildFile; fileRef = 84B4D94D2C8B0CF700DD70A9 /* UIViewController+GradientBg.swift */; };
		84B4D9572C8B138C00DD70A9 /* Fonts.swift in Sources */ = {isa = PBXBuildFile; fileRef = 84B4D9562C8B138C00DD70A9 /* Fonts.swift */; };
		84C659752C8CEA850013DDC2 /* Storyboards+VCs.swift in Sources */ = {isa = PBXBuildFile; fileRef = 84C659742C8CEA850013DDC2 /* Storyboards+VCs.swift */; };
		84C659772C8CECD30013DDC2 /* String+trimm.swift in Sources */ = {isa = PBXBuildFile; fileRef = 84C659762C8CECD30013DDC2 /* String+trimm.swift */; };
		84CE75932C8F9FC40003C8A1 /* CompleteSignupVC.swift in Sources */ = {isa = PBXBuildFile; fileRef = 84CE75922C8F9FC40003C8A1 /* CompleteSignupVC.swift */; };
		84CE75952C8FA37F0003C8A1 /* User.swift in Sources */ = {isa = PBXBuildFile; fileRef = 84CE75942C8FA37F0003C8A1 /* User.swift */; };
		84D3A0382C91A85100EE6604 /* ChangePasswordVC.swift in Sources */ = {isa = PBXBuildFile; fileRef = 84D3A0372C91A85100EE6604 /* ChangePasswordVC.swift */; };
		84FD3A822C8DB8CA008C2373 /* UserDefaultsManager.swift in Sources */ = {isa = PBXBuildFile; fileRef = 84FD3A812C8DB8CA008C2373 /* UserDefaultsManager.swift */; };
		84FD3A8A2C8DE314008C2373 /* FirstOnBoardingVC.swift in Sources */ = {isa = PBXBuildFile; fileRef = 84FD3A892C8DE314008C2373 /* FirstOnBoardingVC.swift */; };
		84FD3A8C2C8DE32A008C2373 /* SecondOnBoardingVC.swift in Sources */ = {isa = PBXBuildFile; fileRef = 84FD3A8B2C8DE32A008C2373 /* SecondOnBoardingVC.swift */; };
		84FD3A8E2C8DE346008C2373 /* ThirdOnBoardingVC.swift in Sources */ = {isa = PBXBuildFile; fileRef = 84FD3A8D2C8DE346008C2373 /* ThirdOnBoardingVC.swift */; };
		84FD3A902C8DE38E008C2373 /* OnboardingHelper.swift in Sources */ = {isa = PBXBuildFile; fileRef = 84FD3A8F2C8DE38E008C2373 /* OnboardingHelper.swift */; };
		E9A8A586631C39FBDBD09A85 /* Pods_Speedo_Transfer.framework in Frameworks */ = {isa = PBXBuildFile; fileRef = 1640DDEFBBEE85F5E7C8EE77 /* Pods_Speedo_Transfer.framework */; };
/* End PBXBuildFile section */

/* Begin PBXFileReference section */
		1640DDEFBBEE85F5E7C8EE77 /* Pods_Speedo_Transfer.framework */ = {isa = PBXFileReference; explicitFileType = wrapper.framework; includeInIndex = 0; path = Pods_Speedo_Transfer.framework; sourceTree = BUILT_PRODUCTS_DIR; };
		3A18DCEC83C7DB74A305E82A /* Pods-Speedo Transfer.release.xcconfig */ = {isa = PBXFileReference; includeInIndex = 1; lastKnownFileType = text.xcconfig; name = "Pods-Speedo Transfer.release.xcconfig"; path = "Target Support Files/Pods-Speedo Transfer/Pods-Speedo Transfer.release.xcconfig"; sourceTree = "<group>"; };
		4BA42372B8A398814D92C235 /* Pods-Speedo Transfer.debug.xcconfig */ = {isa = PBXFileReference; includeInIndex = 1; lastKnownFileType = text.xcconfig; name = "Pods-Speedo Transfer.debug.xcconfig"; path = "Target Support Files/Pods-Speedo Transfer/Pods-Speedo Transfer.debug.xcconfig"; sourceTree = "<group>"; };
		8413E0202C90DB8C00EB5A59 /* CustomTextField.swift */ = {isa = PBXFileReference; lastKnownFileType = sourcecode.swift; path = CustomTextField.swift; sourceTree = "<group>"; };
		8423A3A82C8E4846003FA02B /* UIViewController+Alert.swift */ = {isa = PBXFileReference; lastKnownFileType = sourcecode.swift; path = "UIViewController+Alert.swift"; sourceTree = "<group>"; };
		8423A3AA2C8E4BA4003FA02B /* UITextField+custom.swift */ = {isa = PBXFileReference; lastKnownFileType = sourcecode.swift; path = "UITextField+custom.swift"; sourceTree = "<group>"; };
		843B09512C911C74002E50B5 /* UIButton+underline.swift */ = {isa = PBXFileReference; lastKnownFileType = sourcecode.swift; path = "UIButton+underline.swift"; sourceTree = "<group>"; };
		843B09532C913189002E50B5 /* SignInVC.swift */ = {isa = PBXFileReference; lastKnownFileType = sourcecode.swift; path = SignInVC.swift; sourceTree = "<group>"; };
		843B09552C9139E2002E50B5 /* BackSignInVC.swift */ = {isa = PBXFileReference; lastKnownFileType = sourcecode.swift; path = BackSignInVC.swift; sourceTree = "<group>"; };
		843B09572C913B3F002E50B5 /* Inter-Regular.otf */ = {isa = PBXFileReference; lastKnownFileType = file; name = "Inter-Regular.otf"; path = "../../../../../../../Downloads/Inter-4.0 (1)/extras/otf/Inter-Regular.otf"; sourceTree = "<group>"; };
		843B09582C913B3F002E50B5 /* Inter-Light.otf */ = {isa = PBXFileReference; lastKnownFileType = file; name = "Inter-Light.otf"; path = "../../../../../../../Downloads/Inter-4.0 (1)/extras/otf/Inter-Light.otf"; sourceTree = "<group>"; };
		843B09592C913B3F002E50B5 /* Inter-Medium.otf */ = {isa = PBXFileReference; lastKnownFileType = file; name = "Inter-Medium.otf"; path = "../../../../../../../Downloads/Inter-4.0 (1)/extras/otf/Inter-Medium.otf"; sourceTree = "<group>"; };
		843B095A2C913B3F002E50B5 /* Inter-SemiBold.otf */ = {isa = PBXFileReference; lastKnownFileType = file; name = "Inter-SemiBold.otf"; path = "../../../../../../../Downloads/Inter-4.0 (1)/extras/otf/Inter-SemiBold.otf"; sourceTree = "<group>"; };
		843B09602C91456A002E50B5 /* ConnectionErrorVC.swift */ = {isa = PBXFileReference; lastKnownFileType = sourcecode.swift; path = ConnectionErrorVC.swift; sourceTree = "<group>"; };
		843B09622C91458D002E50B5 /* ErrorVC.swift */ = {isa = PBXFileReference; lastKnownFileType = sourcecode.swift; path = ErrorVC.swift; sourceTree = "<group>"; };
		847089082C7FD5D000202753 /* Speedo Transfer.app */ = {isa = PBXFileReference; explicitFileType = wrapper.application; includeInIndex = 0; path = "Speedo Transfer.app"; sourceTree = BUILT_PRODUCTS_DIR; };
		8470890B2C7FD5D000202753 /* AppDelegate.swift */ = {isa = PBXFileReference; lastKnownFileType = sourcecode.swift; path = AppDelegate.swift; sourceTree = "<group>"; };
		847089122C7FD5D000202753 /* Base */ = {isa = PBXFileReference; lastKnownFileType = file.storyboard; name = Base; path = Base.lproj/Main.storyboard; sourceTree = "<group>"; };
		847089142C7FD5D100202753 /* Assets.xcassets */ = {isa = PBXFileReference; lastKnownFileType = folder.assetcatalog; path = Assets.xcassets; sourceTree = "<group>"; };
		847089172C7FD5D100202753 /* Base */ = {isa = PBXFileReference; lastKnownFileType = file.storyboard; name = Base; path = Base.lproj/LaunchScreen.storyboard; sourceTree = "<group>"; };
		847089192C7FD5D100202753 /* Info.plist */ = {isa = PBXFileReference; lastKnownFileType = text.plist.xml; path = Info.plist; sourceTree = "<group>"; };
		8470891F2C7FDA9D00202753 /* SplashScreenVC.swift */ = {isa = PBXFileReference; lastKnownFileType = sourcecode.swift; path = SplashScreenVC.swift; sourceTree = "<group>"; };
		847089222C7FDBD900202753 /* SignUpVC.swift */ = {isa = PBXFileReference; lastKnownFileType = sourcecode.swift; path = SignUpVC.swift; sourceTree = "<group>"; };
		8479CF702C9208C7000D0DFE /* CountryListVC.swift */ = {isa = PBXFileReference; lastKnownFileType = sourcecode.swift; path = CountryListVC.swift; sourceTree = "<group>"; };
		8479CF722C9209C3000D0DFE /* CountryTableViewCell.swift */ = {isa = PBXFileReference; lastKnownFileType = sourcecode.swift; path = CountryTableViewCell.swift; sourceTree = "<group>"; };
		8479CF732C9209C3000D0DFE /* CountryTableViewCell.xib */ = {isa = PBXFileReference; lastKnownFileType = file.xib; path = CountryTableViewCell.xib; sourceTree = "<group>"; };
		848EF40F2C8B2CD100F8D977 /* Colors.swift */ = {isa = PBXFileReference; lastKnownFileType = sourcecode.swift; path = Colors.swift; sourceTree = "<group>"; };
		848EF4142C8B301200F8D977 /* UIColor+hex.swift */ = {isa = PBXFileReference; lastKnownFileType = sourcecode.swift; path = "UIColor+hex.swift"; sourceTree = "<group>"; };
		84B4D94D2C8B0CF700DD70A9 /* UIViewController+GradientBg.swift */ = {isa = PBXFileReference; lastKnownFileType = sourcecode.swift; path = "UIViewController+GradientBg.swift"; sourceTree = "<group>"; };
		84B4D9562C8B138C00DD70A9 /* Fonts.swift */ = {isa = PBXFileReference; lastKnownFileType = sourcecode.swift; path = Fonts.swift; sourceTree = "<group>"; };
		84C659742C8CEA850013DDC2 /* Storyboards+VCs.swift */ = {isa = PBXFileReference; lastKnownFileType = sourcecode.swift; path = "Storyboards+VCs.swift"; sourceTree = "<group>"; };
		84C659762C8CECD30013DDC2 /* String+trimm.swift */ = {isa = PBXFileReference; lastKnownFileType = sourcecode.swift; path = "String+trimm.swift"; sourceTree = "<group>"; };
		84CE75922C8F9FC40003C8A1 /* CompleteSignupVC.swift */ = {isa = PBXFileReference; lastKnownFileType = sourcecode.swift; path = CompleteSignupVC.swift; sourceTree = "<group>"; };
		84CE75942C8FA37F0003C8A1 /* User.swift */ = {isa = PBXFileReference; lastKnownFileType = sourcecode.swift; path = User.swift; sourceTree = "<group>"; };
		84D3A0372C91A85100EE6604 /* ChangePasswordVC.swift */ = {isa = PBXFileReference; lastKnownFileType = sourcecode.swift; path = ChangePasswordVC.swift; sourceTree = "<group>"; };
		84FD3A812C8DB8CA008C2373 /* UserDefaultsManager.swift */ = {isa = PBXFileReference; lastKnownFileType = sourcecode.swift; path = UserDefaultsManager.swift; sourceTree = "<group>"; };
		84FD3A892C8DE314008C2373 /* FirstOnBoardingVC.swift */ = {isa = PBXFileReference; lastKnownFileType = sourcecode.swift; path = FirstOnBoardingVC.swift; sourceTree = "<group>"; };
		84FD3A8B2C8DE32A008C2373 /* SecondOnBoardingVC.swift */ = {isa = PBXFileReference; lastKnownFileType = sourcecode.swift; path = SecondOnBoardingVC.swift; sourceTree = "<group>"; };
		84FD3A8D2C8DE346008C2373 /* ThirdOnBoardingVC.swift */ = {isa = PBXFileReference; lastKnownFileType = sourcecode.swift; path = ThirdOnBoardingVC.swift; sourceTree = "<group>"; };
		84FD3A8F2C8DE38E008C2373 /* OnboardingHelper.swift */ = {isa = PBXFileReference; lastKnownFileType = sourcecode.swift; path = OnboardingHelper.swift; sourceTree = "<group>"; };
/* End PBXFileReference section */

/* Begin PBXFrameworksBuildPhase section */
		847089052C7FD5D000202753 /* Frameworks */ = {
			isa = PBXFrameworksBuildPhase;
			buildActionMask = 2147483647;
			files = (
				E9A8A586631C39FBDBD09A85 /* Pods_Speedo_Transfer.framework in Frameworks */,
			);
			runOnlyForDeploymentPostprocessing = 0;
		};
/* End PBXFrameworksBuildPhase section */

/* Begin PBXGroup section */
		5F02D8E64DBABEED2E66D158 /* Pods */ = {
			isa = PBXGroup;
			children = (
				4BA42372B8A398814D92C235 /* Pods-Speedo Transfer.debug.xcconfig */,
				3A18DCEC83C7DB74A305E82A /* Pods-Speedo Transfer.release.xcconfig */,
			);
			path = Pods;
			sourceTree = "<group>";
		};
		7FEC0EBE3FDFFCEFAFBFD3DD /* Frameworks */ = {
			isa = PBXGroup;
			children = (
				1640DDEFBBEE85F5E7C8EE77 /* Pods_Speedo_Transfer.framework */,
			);
			name = Frameworks;
			sourceTree = "<group>";
		};
		847088FF2C7FD5CF00202753 = {
			isa = PBXGroup;
			children = (
				8470890A2C7FD5D000202753 /* Speedo Transfer */,
				847089092C7FD5D000202753 /* Products */,
				5F02D8E64DBABEED2E66D158 /* Pods */,
				7FEC0EBE3FDFFCEFAFBFD3DD /* Frameworks */,
			);
			sourceTree = "<group>";
		};
		847089092C7FD5D000202753 /* Products */ = {
			isa = PBXGroup;
			children = (
				847089082C7FD5D000202753 /* Speedo Transfer.app */,
			);
			name = Products;
			sourceTree = "<group>";
		};
		8470890A2C7FD5D000202753 /* Speedo Transfer */ = {
			isa = PBXGroup;
			children = (
				84FD3A912C8DF3E9008C2373 /* Model */,
				84FD3A922C8DF3FB008C2373 /* View */,
				84FD3A802C8DB890008C2373 /* Manager */,
				84B4D9552C8B135C00DD70A9 /* Constants */,
				84B4D94F2C8B106A00DD70A9 /* Resources */,
				84B4D94C2C8B0CC900DD70A9 /* Extension */,
				847089212C7FDAA400202753 /* Controller */,
				848EF4122C8B2D1A00F8D977 /* Shared */,
				847089192C7FD5D100202753 /* Info.plist */,
			);
			path = "Speedo Transfer";
			sourceTree = "<group>";
		};
		847089212C7FDAA400202753 /* Controller */ = {
			isa = PBXGroup;
			children = (
				8470891F2C7FDA9D00202753 /* SplashScreenVC.swift */,
				84FD3A892C8DE314008C2373 /* FirstOnBoardingVC.swift */,
				84FD3A8B2C8DE32A008C2373 /* SecondOnBoardingVC.swift */,
				84FD3A8D2C8DE346008C2373 /* ThirdOnBoardingVC.swift */,
				847089222C7FDBD900202753 /* SignUpVC.swift */,
				843B09532C913189002E50B5 /* SignInVC.swift */,
				84CE75922C8F9FC40003C8A1 /* CompleteSignupVC.swift */,
				843B09552C9139E2002E50B5 /* BackSignInVC.swift */,
				843B09602C91456A002E50B5 /* ConnectionErrorVC.swift */,
				843B09622C91458D002E50B5 /* ErrorVC.swift */,
				84D3A0372C91A85100EE6604 /* ChangePasswordVC.swift */,
				8479CF702C9208C7000D0DFE /* CountryListVC.swift */,
			);
			path = Controller;
			sourceTree = "<group>";
		};
		848EF4112C8B2D0600F8D977 /* Images */ = {
			isa = PBXGroup;
			children = (
				847089142C7FD5D100202753 /* Assets.xcassets */,
			);
			path = Images;
			sourceTree = "<group>";
		};
		848EF4122C8B2D1A00F8D977 /* Shared */ = {
			isa = PBXGroup;
			children = (
				8470890B2C7FD5D000202753 /* AppDelegate.swift */,
			);
			path = Shared;
			sourceTree = "<group>";
		};
		848EF4132C8B2D3200F8D977 /* Storyboards */ = {
			isa = PBXGroup;
			children = (
				847089112C7FD5D000202753 /* Main.storyboard */,
				847089162C7FD5D100202753 /* LaunchScreen.storyboard */,
			);
			path = Storyboards;
			sourceTree = "<group>";
		};
		84B4D94C2C8B0CC900DD70A9 /* Extension */ = {
			isa = PBXGroup;
			children = (
				84B4D94D2C8B0CF700DD70A9 /* UIViewController+GradientBg.swift */,
				848EF4142C8B301200F8D977 /* UIColor+hex.swift */,
				84C659762C8CECD30013DDC2 /* String+trimm.swift */,
				8423A3A82C8E4846003FA02B /* UIViewController+Alert.swift */,
				8423A3AA2C8E4BA4003FA02B /* UITextField+custom.swift */,
				843B09512C911C74002E50B5 /* UIButton+underline.swift */,
			);
			path = Extension;
			sourceTree = "<group>";
		};
		84B4D94F2C8B106A00DD70A9 /* Resources */ = {
			isa = PBXGroup;
			children = (
				848EF4132C8B2D3200F8D977 /* Storyboards */,
				848EF4112C8B2D0600F8D977 /* Images */,
				84B4D9502C8B10C400DD70A9 /* Fonts-Files */,
			);
			path = Resources;
			sourceTree = "<group>";
		};
		84B4D9502C8B10C400DD70A9 /* Fonts-Files */ = {
			isa = PBXGroup;
			children = (
				843B09582C913B3F002E50B5 /* Inter-Light.otf */,
				843B09592C913B3F002E50B5 /* Inter-Medium.otf */,
				843B09572C913B3F002E50B5 /* Inter-Regular.otf */,
				843B095A2C913B3F002E50B5 /* Inter-SemiBold.otf */,
			);
			path = "Fonts-Files";
			sourceTree = "<group>";
		};
		84B4D9552C8B135C00DD70A9 /* Constants */ = {
			isa = PBXGroup;
			children = (
				84B4D9562C8B138C00DD70A9 /* Fonts.swift */,
				848EF40F2C8B2CD100F8D977 /* Colors.swift */,
				84C659742C8CEA850013DDC2 /* Storyboards+VCs.swift */,
				84FD3A8F2C8DE38E008C2373 /* OnboardingHelper.swift */,
			);
			path = Constants;
			sourceTree = "<group>";
		};
		84FD3A802C8DB890008C2373 /* Manager */ = {
			isa = PBXGroup;
			children = (
				84FD3A812C8DB8CA008C2373 /* UserDefaultsManager.swift */,
			);
			path = Manager;
			sourceTree = "<group>";
		};
		84FD3A912C8DF3E9008C2373 /* Model */ = {
			isa = PBXGroup;
			children = (
				84CE75942C8FA37F0003C8A1 /* User.swift */,
			);
			path = Model;
			sourceTree = "<group>";
		};
		84FD3A922C8DF3FB008C2373 /* View */ = {
			isa = PBXGroup;
			children = (
				8413E0202C90DB8C00EB5A59 /* CustomTextField.swift */,
				8479CF722C9209C3000D0DFE /* CountryTableViewCell.swift */,
				8479CF732C9209C3000D0DFE /* CountryTableViewCell.xib */,
			);
			path = View;
			sourceTree = "<group>";
		};
/* End PBXGroup section */

/* Begin PBXNativeTarget section */
		847089072C7FD5D000202753 /* Speedo Transfer */ = {
			isa = PBXNativeTarget;
			buildConfigurationList = 8470891C2C7FD5D100202753 /* Build configuration list for PBXNativeTarget "Speedo Transfer" */;
			buildPhases = (
				3EBF5E11639DB401767AB075 /* [CP] Check Pods Manifest.lock */,
				847089042C7FD5D000202753 /* Sources */,
				847089052C7FD5D000202753 /* Frameworks */,
				847089062C7FD5D000202753 /* Resources */,
				9A41141DD3B551CDA3F307BE /* [CP] Embed Pods Frameworks */,
			);
			buildRules = (
			);
			dependencies = (
			);
			name = "Speedo Transfer";
			productName = "Speedo Transfer";
			productReference = 847089082C7FD5D000202753 /* Speedo Transfer.app */;
			productType = "com.apple.product-type.application";
		};
/* End PBXNativeTarget section */

/* Begin PBXProject section */
		847089002C7FD5CF00202753 /* Project object */ = {
			isa = PBXProject;
			attributes = {
				BuildIndependentTargetsInParallel = 1;
				LastSwiftUpdateCheck = 1540;
				LastUpgradeCheck = 1540;
				TargetAttributes = {
					847089072C7FD5D000202753 = {
						CreatedOnToolsVersion = 15.4;
					};
				};
			};
			buildConfigurationList = 847089032C7FD5CF00202753 /* Build configuration list for PBXProject "Speedo Transfer" */;
			compatibilityVersion = "Xcode 14.0";
			developmentRegion = en;
			hasScannedForEncodings = 0;
			knownRegions = (
				en,
				Base,
			);
			mainGroup = 847088FF2C7FD5CF00202753;
			productRefGroup = 847089092C7FD5D000202753 /* Products */;
			projectDirPath = "";
			projectRoot = "";
			targets = (
				847089072C7FD5D000202753 /* Speedo Transfer */,
			);
		};
/* End PBXProject section */

/* Begin PBXResourcesBuildPhase section */
		847089062C7FD5D000202753 /* Resources */ = {
			isa = PBXResourcesBuildPhase;
			buildActionMask = 2147483647;
			files = (
				8479CF742C9209C3000D0DFE /* CountryTableViewCell.xib in Resources */,
				847089152C7FD5D100202753 /* Assets.xcassets in Resources */,
				843B095C2C913B3F002E50B5 /* Inter-Light.otf in Resources */,
				843B095B2C913B3F002E50B5 /* Inter-Regular.otf in Resources */,
				847089182C7FD5D100202753 /* Base in Resources */,
				843B095E2C913B3F002E50B5 /* Inter-SemiBold.otf in Resources */,
				847089132C7FD5D000202753 /* Base in Resources */,
				843B095D2C913B3F002E50B5 /* Inter-Medium.otf in Resources */,
			);
			runOnlyForDeploymentPostprocessing = 0;
		};
/* End PBXResourcesBuildPhase section */

/* Begin PBXShellScriptBuildPhase section */
		3EBF5E11639DB401767AB075 /* [CP] Check Pods Manifest.lock */ = {
			isa = PBXShellScriptBuildPhase;
			buildActionMask = 2147483647;
			files = (
			);
			inputFileListPaths = (
			);
			inputPaths = (
				"${PODS_PODFILE_DIR_PATH}/Podfile.lock",
				"${PODS_ROOT}/Manifest.lock",
			);
			name = "[CP] Check Pods Manifest.lock";
			outputFileListPaths = (
			);
			outputPaths = (
				"$(DERIVED_FILE_DIR)/Pods-Speedo Transfer-checkManifestLockResult.txt",
			);
			runOnlyForDeploymentPostprocessing = 0;
			shellPath = /bin/sh;
			shellScript = "diff \"${PODS_PODFILE_DIR_PATH}/Podfile.lock\" \"${PODS_ROOT}/Manifest.lock\" > /dev/null\nif [ $? != 0 ] ; then\n    # print error to STDERR\n    echo \"error: The sandbox is not in sync with the Podfile.lock. Run 'pod install' or update your CocoaPods installation.\" >&2\n    exit 1\nfi\n# This output is used by Xcode 'outputs' to avoid re-running this script phase.\necho \"SUCCESS\" > \"${SCRIPT_OUTPUT_FILE_0}\"\n";
			showEnvVarsInLog = 0;
		};
		9A41141DD3B551CDA3F307BE /* [CP] Embed Pods Frameworks */ = {
			isa = PBXShellScriptBuildPhase;
			buildActionMask = 2147483647;
			files = (
			);
			inputFileListPaths = (
				"${PODS_ROOT}/Target Support Files/Pods-Speedo Transfer/Pods-Speedo Transfer-frameworks-${CONFIGURATION}-input-files.xcfilelist",
			);
			name = "[CP] Embed Pods Frameworks";
			outputFileListPaths = (
				"${PODS_ROOT}/Target Support Files/Pods-Speedo Transfer/Pods-Speedo Transfer-frameworks-${CONFIGURATION}-output-files.xcfilelist",
			);
			runOnlyForDeploymentPostprocessing = 0;
			shellPath = /bin/sh;
			shellScript = "\"${PODS_ROOT}/Target Support Files/Pods-Speedo Transfer/Pods-Speedo Transfer-frameworks.sh\"\n";
			showEnvVarsInLog = 0;
		};
/* End PBXShellScriptBuildPhase section */

/* Begin PBXSourcesBuildPhase section */
		847089042C7FD5D000202753 /* Sources */ = {
			isa = PBXSourcesBuildPhase;
			buildActionMask = 2147483647;
			files = (
				84C659752C8CEA850013DDC2 /* Storyboards+VCs.swift in Sources */,
				8479CF712C9208C7000D0DFE /* CountryListVC.swift in Sources */,
				84B4D94E2C8B0CF700DD70A9 /* UIViewController+GradientBg.swift in Sources */,
				84C659772C8CECD30013DDC2 /* String+trimm.swift in Sources */,
				848EF4152C8B301200F8D977 /* UIColor+hex.swift in Sources */,
				8423A3AB2C8E4BA4003FA02B /* UITextField+custom.swift in Sources */,
				8413E0212C90DB8C00EB5A59 /* CustomTextField.swift in Sources */,
				84FD3A822C8DB8CA008C2373 /* UserDefaultsManager.swift in Sources */,
				843B09612C91456A002E50B5 /* ConnectionErrorVC.swift in Sources */,
				84FD3A8E2C8DE346008C2373 /* ThirdOnBoardingVC.swift in Sources */,
				847089232C7FDBD900202753 /* SignUpVC.swift in Sources */,
				8423A3A92C8E4846003FA02B /* UIViewController+Alert.swift in Sources */,
				84FD3A902C8DE38E008C2373 /* OnboardingHelper.swift in Sources */,
				84D3A0382C91A85100EE6604 /* ChangePasswordVC.swift in Sources */,
				843B09562C9139E2002E50B5 /* BackSignInVC.swift in Sources */,
				843B09542C913189002E50B5 /* SignInVC.swift in Sources */,
				843B09632C91458D002E50B5 /* ErrorVC.swift in Sources */,
				84FD3A8A2C8DE314008C2373 /* FirstOnBoardingVC.swift in Sources */,
				8479CF752C9209C3000D0DFE /* CountryTableViewCell.swift in Sources */,
				847089202C7FDA9D00202753 /* SplashScreenVC.swift in Sources */,
				848EF4102C8B2CD100F8D977 /* Colors.swift in Sources */,
				843B09522C911C74002E50B5 /* UIButton+underline.swift in Sources */,
				84CE75932C8F9FC40003C8A1 /* CompleteSignupVC.swift in Sources */,
				84B4D9572C8B138C00DD70A9 /* Fonts.swift in Sources */,
				8470890C2C7FD5D000202753 /* AppDelegate.swift in Sources */,
				84FD3A8C2C8DE32A008C2373 /* SecondOnBoardingVC.swift in Sources */,
				84CE75952C8FA37F0003C8A1 /* User.swift in Sources */,
			);
			runOnlyForDeploymentPostprocessing = 0;
		};
/* End PBXSourcesBuildPhase section */

/* Begin PBXVariantGroup section */
		847089112C7FD5D000202753 /* Main.storyboard */ = {
			isa = PBXVariantGroup;
			children = (
				847089122C7FD5D000202753 /* Base */,
			);
			name = Main.storyboard;
			sourceTree = "<group>";
		};
		847089162C7FD5D100202753 /* LaunchScreen.storyboard */ = {
			isa = PBXVariantGroup;
			children = (
				847089172C7FD5D100202753 /* Base */,
			);
			name = LaunchScreen.storyboard;
			sourceTree = "<group>";
		};
/* End PBXVariantGroup section */

/* Begin XCBuildConfiguration section */
		8470891A2C7FD5D100202753 /* Debug */ = {
			isa = XCBuildConfiguration;
			buildSettings = {
				ALWAYS_SEARCH_USER_PATHS = NO;
				ASSETCATALOG_COMPILER_GENERATE_SWIFT_ASSET_SYMBOL_EXTENSIONS = YES;
				CLANG_ANALYZER_NONNULL = YES;
				CLANG_ANALYZER_NUMBER_OBJECT_CONVERSION = YES_AGGRESSIVE;
				CLANG_CXX_LANGUAGE_STANDARD = "gnu++20";
				CLANG_ENABLE_MODULES = YES;
				CLANG_ENABLE_OBJC_ARC = YES;
				CLANG_ENABLE_OBJC_WEAK = YES;
				CLANG_WARN_BLOCK_CAPTURE_AUTORELEASING = YES;
				CLANG_WARN_BOOL_CONVERSION = YES;
				CLANG_WARN_COMMA = YES;
				CLANG_WARN_CONSTANT_CONVERSION = YES;
				CLANG_WARN_DEPRECATED_OBJC_IMPLEMENTATIONS = YES;
				CLANG_WARN_DIRECT_OBJC_ISA_USAGE = YES_ERROR;
				CLANG_WARN_DOCUMENTATION_COMMENTS = YES;
				CLANG_WARN_EMPTY_BODY = YES;
				CLANG_WARN_ENUM_CONVERSION = YES;
				CLANG_WARN_INFINITE_RECURSION = YES;
				CLANG_WARN_INT_CONVERSION = YES;
				CLANG_WARN_NON_LITERAL_NULL_CONVERSION = YES;
				CLANG_WARN_OBJC_IMPLICIT_RETAIN_SELF = YES;
				CLANG_WARN_OBJC_LITERAL_CONVERSION = YES;
				CLANG_WARN_OBJC_ROOT_CLASS = YES_ERROR;
				CLANG_WARN_QUOTED_INCLUDE_IN_FRAMEWORK_HEADER = YES;
				CLANG_WARN_RANGE_LOOP_ANALYSIS = YES;
				CLANG_WARN_STRICT_PROTOTYPES = YES;
				CLANG_WARN_SUSPICIOUS_MOVE = YES;
				CLANG_WARN_UNGUARDED_AVAILABILITY = YES_AGGRESSIVE;
				CLANG_WARN_UNREACHABLE_CODE = YES;
				CLANG_WARN__DUPLICATE_METHOD_MATCH = YES;
				COPY_PHASE_STRIP = NO;
				DEBUG_INFORMATION_FORMAT = dwarf;
				ENABLE_STRICT_OBJC_MSGSEND = YES;
				ENABLE_TESTABILITY = YES;
				ENABLE_USER_SCRIPT_SANDBOXING = YES;
				GCC_C_LANGUAGE_STANDARD = gnu17;
				GCC_DYNAMIC_NO_PIC = NO;
				GCC_NO_COMMON_BLOCKS = YES;
				GCC_OPTIMIZATION_LEVEL = 0;
				GCC_PREPROCESSOR_DEFINITIONS = (
					"DEBUG=1",
					"$(inherited)",
				);
				GCC_WARN_64_TO_32_BIT_CONVERSION = YES;
				GCC_WARN_ABOUT_RETURN_TYPE = YES_ERROR;
				GCC_WARN_UNDECLARED_SELECTOR = YES;
				GCC_WARN_UNINITIALIZED_AUTOS = YES_AGGRESSIVE;
				GCC_WARN_UNUSED_FUNCTION = YES;
				GCC_WARN_UNUSED_VARIABLE = YES;
				IPHONEOS_DEPLOYMENT_TARGET = 17.5;
				LOCALIZATION_PREFERS_STRING_CATALOGS = YES;
				MTL_ENABLE_DEBUG_INFO = INCLUDE_SOURCE;
				MTL_FAST_MATH = YES;
				ONLY_ACTIVE_ARCH = YES;
				SDKROOT = iphoneos;
				SWIFT_ACTIVE_COMPILATION_CONDITIONS = "DEBUG $(inherited)";
				SWIFT_OPTIMIZATION_LEVEL = "-Onone";
			};
			name = Debug;
		};
		8470891B2C7FD5D100202753 /* Release */ = {
			isa = XCBuildConfiguration;
			buildSettings = {
				ALWAYS_SEARCH_USER_PATHS = NO;
				ASSETCATALOG_COMPILER_GENERATE_SWIFT_ASSET_SYMBOL_EXTENSIONS = YES;
				CLANG_ANALYZER_NONNULL = YES;
				CLANG_ANALYZER_NUMBER_OBJECT_CONVERSION = YES_AGGRESSIVE;
				CLANG_CXX_LANGUAGE_STANDARD = "gnu++20";
				CLANG_ENABLE_MODULES = YES;
				CLANG_ENABLE_OBJC_ARC = YES;
				CLANG_ENABLE_OBJC_WEAK = YES;
				CLANG_WARN_BLOCK_CAPTURE_AUTORELEASING = YES;
				CLANG_WARN_BOOL_CONVERSION = YES;
				CLANG_WARN_COMMA = YES;
				CLANG_WARN_CONSTANT_CONVERSION = YES;
				CLANG_WARN_DEPRECATED_OBJC_IMPLEMENTATIONS = YES;
				CLANG_WARN_DIRECT_OBJC_ISA_USAGE = YES_ERROR;
				CLANG_WARN_DOCUMENTATION_COMMENTS = YES;
				CLANG_WARN_EMPTY_BODY = YES;
				CLANG_WARN_ENUM_CONVERSION = YES;
				CLANG_WARN_INFINITE_RECURSION = YES;
				CLANG_WARN_INT_CONVERSION = YES;
				CLANG_WARN_NON_LITERAL_NULL_CONVERSION = YES;
				CLANG_WARN_OBJC_IMPLICIT_RETAIN_SELF = YES;
				CLANG_WARN_OBJC_LITERAL_CONVERSION = YES;
				CLANG_WARN_OBJC_ROOT_CLASS = YES_ERROR;
				CLANG_WARN_QUOTED_INCLUDE_IN_FRAMEWORK_HEADER = YES;
				CLANG_WARN_RANGE_LOOP_ANALYSIS = YES;
				CLANG_WARN_STRICT_PROTOTYPES = YES;
				CLANG_WARN_SUSPICIOUS_MOVE = YES;
				CLANG_WARN_UNGUARDED_AVAILABILITY = YES_AGGRESSIVE;
				CLANG_WARN_UNREACHABLE_CODE = YES;
				CLANG_WARN__DUPLICATE_METHOD_MATCH = YES;
				COPY_PHASE_STRIP = NO;
				DEBUG_INFORMATION_FORMAT = "dwarf-with-dsym";
				ENABLE_NS_ASSERTIONS = NO;
				ENABLE_STRICT_OBJC_MSGSEND = YES;
				ENABLE_USER_SCRIPT_SANDBOXING = YES;
				GCC_C_LANGUAGE_STANDARD = gnu17;
				GCC_NO_COMMON_BLOCKS = YES;
				GCC_WARN_64_TO_32_BIT_CONVERSION = YES;
				GCC_WARN_ABOUT_RETURN_TYPE = YES_ERROR;
				GCC_WARN_UNDECLARED_SELECTOR = YES;
				GCC_WARN_UNINITIALIZED_AUTOS = YES_AGGRESSIVE;
				GCC_WARN_UNUSED_FUNCTION = YES;
				GCC_WARN_UNUSED_VARIABLE = YES;
				IPHONEOS_DEPLOYMENT_TARGET = 17.5;
				LOCALIZATION_PREFERS_STRING_CATALOGS = YES;
				MTL_ENABLE_DEBUG_INFO = NO;
				MTL_FAST_MATH = YES;
				SDKROOT = iphoneos;
				SWIFT_COMPILATION_MODE = wholemodule;
				VALIDATE_PRODUCT = YES;
			};
			name = Release;
		};
		8470891D2C7FD5D100202753 /* Debug */ = {
			isa = XCBuildConfiguration;
			baseConfigurationReference = 4BA42372B8A398814D92C235 /* Pods-Speedo Transfer.debug.xcconfig */;
			buildSettings = {
				ASSETCATALOG_COMPILER_APPICON_NAME = AppIcon;
				ASSETCATALOG_COMPILER_GLOBAL_ACCENT_COLOR_NAME = AccentColor;
				CODE_SIGN_STYLE = Automatic;
				CURRENT_PROJECT_VERSION = 1;
				ENABLE_USER_SCRIPT_SANDBOXING = NO;
				GENERATE_INFOPLIST_FILE = YES;
				INFOPLIST_FILE = "Speedo Transfer/Info.plist";
				INFOPLIST_KEY_UIApplicationSupportsIndirectInputEvents = YES;
				INFOPLIST_KEY_UILaunchStoryboardName = LaunchScreen;
				INFOPLIST_KEY_UIMainStoryboardFile = Main;
				INFOPLIST_KEY_UISupportedInterfaceOrientations_iPad = "UIInterfaceOrientationPortrait UIInterfaceOrientationPortraitUpsideDown UIInterfaceOrientationLandscapeLeft UIInterfaceOrientationLandscapeRight";
				INFOPLIST_KEY_UISupportedInterfaceOrientations_iPhone = "UIInterfaceOrientationPortrait UIInterfaceOrientationLandscapeLeft UIInterfaceOrientationLandscapeRight";
				IPHONEOS_DEPLOYMENT_TARGET = 15.0;
				LD_RUNPATH_SEARCH_PATHS = (
					"$(inherited)",
					"@executable_path/Frameworks",
				);
				MARKETING_VERSION = 1.0;
				PRODUCT_BUNDLE_IDENTIFIER = "com.mariaehab.Speedo-Transfer";
				PRODUCT_NAME = "$(TARGET_NAME)";
				SWIFT_EMIT_LOC_STRINGS = YES;
				SWIFT_VERSION = 5.0;
				TARGETED_DEVICE_FAMILY = "1,2";
			};
			name = Debug;
		};
		8470891E2C7FD5D100202753 /* Release */ = {
			isa = XCBuildConfiguration;
			baseConfigurationReference = 3A18DCEC83C7DB74A305E82A /* Pods-Speedo Transfer.release.xcconfig */;
			buildSettings = {
				ASSETCATALOG_COMPILER_APPICON_NAME = AppIcon;
				ASSETCATALOG_COMPILER_GLOBAL_ACCENT_COLOR_NAME = AccentColor;
				CODE_SIGN_STYLE = Automatic;
				CURRENT_PROJECT_VERSION = 1;
				ENABLE_USER_SCRIPT_SANDBOXING = NO;
				GENERATE_INFOPLIST_FILE = YES;
				INFOPLIST_FILE = "Speedo Transfer/Info.plist";
				INFOPLIST_KEY_UIApplicationSupportsIndirectInputEvents = YES;
				INFOPLIST_KEY_UILaunchStoryboardName = LaunchScreen;
				INFOPLIST_KEY_UIMainStoryboardFile = Main;
				INFOPLIST_KEY_UISupportedInterfaceOrientations_iPad = "UIInterfaceOrientationPortrait UIInterfaceOrientationPortraitUpsideDown UIInterfaceOrientationLandscapeLeft UIInterfaceOrientationLandscapeRight";
				INFOPLIST_KEY_UISupportedInterfaceOrientations_iPhone = "UIInterfaceOrientationPortrait UIInterfaceOrientationLandscapeLeft UIInterfaceOrientationLandscapeRight";
				IPHONEOS_DEPLOYMENT_TARGET = 15.0;
				LD_RUNPATH_SEARCH_PATHS = (
					"$(inherited)",
					"@executable_path/Frameworks",
				);
				MARKETING_VERSION = 1.0;
				PRODUCT_BUNDLE_IDENTIFIER = "com.mariaehab.Speedo-Transfer";
				PRODUCT_NAME = "$(TARGET_NAME)";
				SWIFT_EMIT_LOC_STRINGS = YES;
				SWIFT_VERSION = 5.0;
				TARGETED_DEVICE_FAMILY = "1,2";
			};
			name = Release;
		};
/* End XCBuildConfiguration section */

/* Begin XCConfigurationList section */
		847089032C7FD5CF00202753 /* Build configuration list for PBXProject "Speedo Transfer" */ = {
			isa = XCConfigurationList;
			buildConfigurations = (
				8470891A2C7FD5D100202753 /* Debug */,
				8470891B2C7FD5D100202753 /* Release */,
			);
			defaultConfigurationIsVisible = 0;
			defaultConfigurationName = Release;
		};
		8470891C2C7FD5D100202753 /* Build configuration list for PBXNativeTarget "Speedo Transfer" */ = {
			isa = XCConfigurationList;
			buildConfigurations = (
				8470891D2C7FD5D100202753 /* Debug */,
				8470891E2C7FD5D100202753 /* Release */,
			);
			defaultConfigurationIsVisible = 0;
			defaultConfigurationName = Release;
		};
/* End XCConfigurationList section */
	};
	rootObject = 847089002C7FD5CF00202753 /* Project object */;
}
